PODS:
  - LTWebView (2.0.1):
    - LTWebView/Core (= 2.0.1)
  - LTWebView/Core (2.0.1)
  - LTWebView/JSBridge (2.0.1):
    - LTWebView/Core

DEPENDENCIES:
  - LTWebView (from `../LTWebView.podspec`)
  - LTWebView/JSBridge (from `../LTWebView.podspec`)

EXTERNAL SOURCES:
  LTWebView:
    :path: "../LTWebView.podspec"

SPEC CHECKSUMS:
  LTWebView: c762cd16be26a3dc951eb60817c195bb0ea65415

PODFILE CHECKSUM: 7e06219a291e85d9d3d8fb2489ba48604aac2a4f

COCOAPODS: 1.5.3
