PODS:
  - LTWebView (2.0):
    - LTWebView/Core (= 2.0)
  - LTWebView/Core (2.0)
  - LTWebView/JSBridge (2.0):
    - LTWebView/Core

DEPENDENCIES:
  - LTWebView (from `../LTWebView.podspec`)
  - LTWebView/JSBridge (from `../LTWebView.podspec`)

EXTERNAL SOURCES:
  LTWebView:
    :path: "../LTWebView.podspec"

SPEC CHECKSUMS:
  LTWebView: 799add5dd52aab9e02e84ae5c948ef672e0943bc

PODFILE CHECKSUM: 7e06219a291e85d9d3d8fb2489ba48604aac2a4f

COCOAPODS: 1.5.3
